
Microsoft Visual Studio Solution File, Format Version 12.00
Project("{2150E333-8FDC-42A3-9474-1A3956D46DE8}") = "Solution Items", "Solution Items", "{6711CB5F-0D3C-4F40-A636-03D1E4C81321}"
	ProjectSection(SolutionItems) = preProject
		.editorconfig = .editorconfig
		.gitattributes = .gitattributes
		.gitignore = .gitignore
		Directory.Build.props = Directory.Build.props
		Directory.Packages.props = Directory.Packages.props
		LICENSE = LICENSE
		README.md = README.md
	EndProjectSection
EndProject
Project("{FAE04EC0-301F-11D3-BF4B-00C04F79EFBC}") = "HyperDimension.Common", "src\HyperDimension.Common\HyperDimension.Common.csproj", "{3827F563-2B31-4485-8600-67F9B02B149B}"
EndProject
Project("{FAE04EC0-301F-11D3-BF4B-00C04F79EFBC}") = "HyperDimension.Domain", "src\HyperDimension.Domain\HyperDimension.Domain.csproj", "{9660170A-607A-4093-B2B3-1A661B9FD872}"
EndProject
Project("{FAE04EC0-301F-11D3-BF4B-00C04F79EFBC}") = "HyperDimension.Infrastructure.Database", "src\HyperDimension.Infrastructure.Database\HyperDimension.Infrastructure.Database.csproj", "{172D4740-A95E-413C-BBFD-027726D628BC}"
EndProject
Project("{FAE04EC0-301F-11D3-BF4B-00C04F79EFBC}") = "HyperDimension.Infrastructure.Cache", "src\HyperDimension.Infrastructure.Cache\HyperDimension.Infrastructure.Cache.csproj", "{AD1987DC-77F8-4C6A-8E55-82A6FEF53E3C}"
EndProject
Project("{FAE04EC0-301F-11D3-BF4B-00C04F79EFBC}") = "HyperDimension.Infrastructure.Storage", "src\HyperDimension.Infrastructure.Storage\HyperDimension.Infrastructure.Storage.csproj", "{932EB006-B00C-4672-B12A-DBBD99F75C18}"
EndProject
Project("{2150E333-8FDC-42A3-9474-1A3956D46DE8}") = "Common", "Common", "{0D764297-9D7C-447F-8E5A-A6D6038D5342}"
EndProject
Project("{FAE04EC0-301F-11D3-BF4B-00C04F79EFBC}") = "HyperDimension.Common.Configuration", "src\HyperDimension.Common.Configuration\HyperDimension.Common.Configuration.csproj", "{D2E474EF-2BC1-4ACE-90F7-3D5766EAA96E}"
EndProject
Project("{FAE04EC0-301F-11D3-BF4B-00C04F79EFBC}") = "HyperDimension.Common.Observability", "src\HyperDimension.Common.Observability\HyperDimension.Common.Observability.csproj", "{3D95AB38-2339-4841-B122-52CB481BD6F2}"
EndProject
Project("{2150E333-8FDC-42A3-9474-1A3956D46DE8}") = "Domain", "Domain", "{2FD37D37-0DAB-42FC-A923-540218FD81A4}"
EndProject
Project("{2150E333-8FDC-42A3-9474-1A3956D46DE8}") = "Presentation", "Presentation", "{38BFAEF8-999A-41F7-ABD8-CDC9F099D5F8}"
EndProject
Project("{FAE04EC0-301F-11D3-BF4B-00C04F79EFBC}") = "HyperDimension.Presentation.Api", "src\HyperDimension.Presentation.Api\HyperDimension.Presentation.Api.csproj", "{7CCB9F67-DBB0-4EDA-B072-BB33EFF8389A}"
EndProject
Project("{2150E333-8FDC-42A3-9474-1A3956D46DE8}") = "Infrastructure", "Infrastructure", "{F842F870-34F5-4108-A52C-DF5A273204F0}"
EndProject
Project("{2150E333-8FDC-42A3-9474-1A3956D46DE8}") = "Application", "Application", "{83FACC82-6429-4AAC-9259-68254DD917AD}"
EndProject
Project("{FAE04EC0-301F-11D3-BF4B-00C04F79EFBC}") = "HyperDimension.Application.Core", "src\HyperDimension.Application.Core\HyperDimension.Application.Core.csproj", "{A7575352-F933-4F97-9A60-16A622E37FBC}"
EndProject
Project("{FAE04EC0-301F-11D3-BF4B-00C04F79EFBC}") = "HyperDimension.Application.Common", "src\HyperDimension.Application.Common\HyperDimension.Application.Common.csproj", "{40F66AC4-0B01-421A-8046-F44DD542A404}"
EndProject
Project("{FAE04EC0-301F-11D3-BF4B-00C04F79EFBC}") = "HyperDimension.Infrastructure.Common", "src\HyperDimension.Infrastructure.Common\HyperDimension.Infrastructure.Common.csproj", "{60564D48-9CDC-42FE-BE2B-C52109DA3FE5}"
EndProject
Project("{FAE04EC0-301F-11D3-BF4B-00C04F79EFBC}") = "HyperDimension.Presentation.Common", "src\HyperDimension.Presentation.Common\HyperDimension.Presentation.Common.csproj", "{CE66A235-4710-4EF8-8D43-FE8F81EEE5A1}"
EndProject
Project("{FAE04EC0-301F-11D3-BF4B-00C04F79EFBC}") = "HyperDimension.Infrastructure.Identity", "src\HyperDimension.Infrastructure.Identity\HyperDimension.Infrastructure.Identity.csproj", "{4CE3F6E4-B4E2-4961-9F36-5675BDF41F4A}"
EndProject
Project("{FAE04EC0-301F-11D3-BF4B-00C04F79EFBC}") = "HyperDimension.Infrastructure.Search", "src\HyperDimension.Infrastructure.Search\HyperDimension.Infrastructure.Search.csproj", "{A0257F14-4179-4B69-8C23-398CCCD38C3A}"
EndProject
Global
	GlobalSection(SolutionConfigurationPlatforms) = preSolution
		Debug|Any CPU = Debug|Any CPU
		Release|Any CPU = Release|Any CPU
	EndGlobalSection
	GlobalSection(NestedProjects) = preSolution
		{3827F563-2B31-4485-8600-67F9B02B149B} = {0D764297-9D7C-447F-8E5A-A6D6038D5342}
		{D2E474EF-2BC1-4ACE-90F7-3D5766EAA96E} = {0D764297-9D7C-447F-8E5A-A6D6038D5342}
		{3D95AB38-2339-4841-B122-52CB481BD6F2} = {0D764297-9D7C-447F-8E5A-A6D6038D5342}
		{9660170A-607A-4093-B2B3-1A661B9FD872} = {2FD37D37-0DAB-42FC-A923-540218FD81A4}
		{7CCB9F67-DBB0-4EDA-B072-BB33EFF8389A} = {38BFAEF8-999A-41F7-ABD8-CDC9F099D5F8}
		{AD1987DC-77F8-4C6A-8E55-82A6FEF53E3C} = {F842F870-34F5-4108-A52C-DF5A273204F0}
		{172D4740-A95E-413C-BBFD-027726D628BC} = {F842F870-34F5-4108-A52C-DF5A273204F0}
		{932EB006-B00C-4672-B12A-DBBD99F75C18} = {F842F870-34F5-4108-A52C-DF5A273204F0}
		{A7575352-F933-4F97-9A60-16A622E37FBC} = {83FACC82-6429-4AAC-9259-68254DD917AD}
		{40F66AC4-0B01-421A-8046-F44DD542A404} = {83FACC82-6429-4AAC-9259-68254DD917AD}
		{60564D48-9CDC-42FE-BE2B-C52109DA3FE5} = {F842F870-34F5-4108-A52C-DF5A273204F0}
		{CE66A235-4710-4EF8-8D43-FE8F81EEE5A1} = {38BFAEF8-999A-41F7-ABD8-CDC9F099D5F8}
		{4CE3F6E4-B4E2-4961-9F36-5675BDF41F4A} = {F842F870-34F5-4108-A52C-DF5A273204F0}
		{A0257F14-4179-4B69-8C23-398CCCD38C3A} = {F842F870-34F5-4108-A52C-DF5A273204F0}
	EndGlobalSection
	GlobalSection(ProjectConfigurationPlatforms) = postSolution
		{3827F563-2B31-4485-8600-67F9B02B149B}.Debug|Any CPU.ActiveCfg = Debug|Any CPU
		{3827F563-2B31-4485-8600-67F9B02B149B}.Debug|Any CPU.Build.0 = Debug|Any CPU
		{3827F563-2B31-4485-8600-67F9B02B149B}.Release|Any CPU.ActiveCfg = Release|Any CPU
		{3827F563-2B31-4485-8600-67F9B02B149B}.Release|Any CPU.Build.0 = Release|Any CPU
		{9660170A-607A-4093-B2B3-1A661B9FD872}.Debug|Any CPU.ActiveCfg = Debug|Any CPU
		{9660170A-607A-4093-B2B3-1A661B9FD872}.Debug|Any CPU.Build.0 = Debug|Any CPU
		{9660170A-607A-4093-B2B3-1A661B9FD872}.Release|Any CPU.ActiveCfg = Release|Any CPU
		{9660170A-607A-4093-B2B3-1A661B9FD872}.Release|Any CPU.Build.0 = Release|Any CPU
		{172D4740-A95E-413C-BBFD-027726D628BC}.Debug|Any CPU.ActiveCfg = Debug|Any CPU
		{172D4740-A95E-413C-BBFD-027726D628BC}.Debug|Any CPU.Build.0 = Debug|Any CPU
		{172D4740-A95E-413C-BBFD-027726D628BC}.Release|Any CPU.ActiveCfg = Release|Any CPU
		{172D4740-A95E-413C-BBFD-027726D628BC}.Release|Any CPU.Build.0 = Release|Any CPU
		{AD1987DC-77F8-4C6A-8E55-82A6FEF53E3C}.Debug|Any CPU.ActiveCfg = Debug|Any CPU
		{AD1987DC-77F8-4C6A-8E55-82A6FEF53E3C}.Debug|Any CPU.Build.0 = Debug|Any CPU
		{AD1987DC-77F8-4C6A-8E55-82A6FEF53E3C}.Release|Any CPU.ActiveCfg = Release|Any CPU
		{AD1987DC-77F8-4C6A-8E55-82A6FEF53E3C}.Release|Any CPU.Build.0 = Release|Any CPU
		{932EB006-B00C-4672-B12A-DBBD99F75C18}.Debug|Any CPU.ActiveCfg = Debug|Any CPU
		{932EB006-B00C-4672-B12A-DBBD99F75C18}.Debug|Any CPU.Build.0 = Debug|Any CPU
		{932EB006-B00C-4672-B12A-DBBD99F75C18}.Release|Any CPU.ActiveCfg = Release|Any CPU
		{932EB006-B00C-4672-B12A-DBBD99F75C18}.Release|Any CPU.Build.0 = Release|Any CPU
		{D2E474EF-2BC1-4ACE-90F7-3D5766EAA96E}.Debug|Any CPU.ActiveCfg = Debug|Any CPU
		{D2E474EF-2BC1-4ACE-90F7-3D5766EAA96E}.Debug|Any CPU.Build.0 = Debug|Any CPU
		{D2E474EF-2BC1-4ACE-90F7-3D5766EAA96E}.Release|Any CPU.ActiveCfg = Release|Any CPU
		{D2E474EF-2BC1-4ACE-90F7-3D5766EAA96E}.Release|Any CPU.Build.0 = Release|Any CPU
		{3D95AB38-2339-4841-B122-52CB481BD6F2}.Debug|Any CPU.ActiveCfg = Debug|Any CPU
		{3D95AB38-2339-4841-B122-52CB481BD6F2}.Debug|Any CPU.Build.0 = Debug|Any CPU
		{3D95AB38-2339-4841-B122-52CB481BD6F2}.Release|Any CPU.ActiveCfg = Release|Any CPU
		{3D95AB38-2339-4841-B122-52CB481BD6F2}.Release|Any CPU.Build.0 = Release|Any CPU
		{7CCB9F67-DBB0-4EDA-B072-BB33EFF8389A}.Debug|Any CPU.ActiveCfg = Debug|Any CPU
		{7CCB9F67-DBB0-4EDA-B072-BB33EFF8389A}.Debug|Any CPU.Build.0 = Debug|Any CPU
		{7CCB9F67-DBB0-4EDA-B072-BB33EFF8389A}.Release|Any CPU.ActiveCfg = Release|Any CPU
		{7CCB9F67-DBB0-4EDA-B072-BB33EFF8389A}.Release|Any CPU.Build.0 = Release|Any CPU
		{A7575352-F933-4F97-9A60-16A622E37FBC}.Debug|Any CPU.ActiveCfg = Debug|Any CPU
		{A7575352-F933-4F97-9A60-16A622E37FBC}.Debug|Any CPU.Build.0 = Debug|Any CPU
		{A7575352-F933-4F97-9A60-16A622E37FBC}.Release|Any CPU.ActiveCfg = Release|Any CPU
		{A7575352-F933-4F97-9A60-16A622E37FBC}.Release|Any CPU.Build.0 = Release|Any CPU
		{40F66AC4-0B01-421A-8046-F44DD542A404}.Debug|Any CPU.ActiveCfg = Debug|Any CPU
		{40F66AC4-0B01-421A-8046-F44DD542A404}.Debug|Any CPU.Build.0 = Debug|Any CPU
		{40F66AC4-0B01-421A-8046-F44DD542A404}.Release|Any CPU.ActiveCfg = Release|Any CPU
		{40F66AC4-0B01-421A-8046-F44DD542A404}.Release|Any CPU.Build.0 = Release|Any CPU
		{60564D48-9CDC-42FE-BE2B-C52109DA3FE5}.Debug|Any CPU.ActiveCfg = Debug|Any CPU
		{60564D48-9CDC-42FE-BE2B-C52109DA3FE5}.Debug|Any CPU.Build.0 = Debug|Any CPU
		{60564D48-9CDC-42FE-BE2B-C52109DA3FE5}.Release|Any CPU.ActiveCfg = Release|Any CPU
		{60564D48-9CDC-42FE-BE2B-C52109DA3FE5}.Release|Any CPU.Build.0 = Release|Any CPU
		{CE66A235-4710-4EF8-8D43-FE8F81EEE5A1}.Debug|Any CPU.ActiveCfg = Debug|Any CPU
		{CE66A235-4710-4EF8-8D43-FE8F81EEE5A1}.Debug|Any CPU.Build.0 = Debug|Any CPU
		{CE66A235-4710-4EF8-8D43-FE8F81EEE5A1}.Release|Any CPU.ActiveCfg = Release|Any CPU
		{CE66A235-4710-4EF8-8D43-FE8F81EEE5A1}.Release|Any CPU.Build.0 = Release|Any CPU
		{4CE3F6E4-B4E2-4961-9F36-5675BDF41F4A}.Debug|Any CPU.ActiveCfg = Debug|Any CPU
		{4CE3F6E4-B4E2-4961-9F36-5675BDF41F4A}.Debug|Any CPU.Build.0 = Debug|Any CPU
		{4CE3F6E4-B4E2-4961-9F36-5675BDF41F4A}.Release|Any CPU.ActiveCfg = Release|Any CPU
		{4CE3F6E4-B4E2-4961-9F36-5675BDF41F4A}.Release|Any CPU.Build.0 = Release|Any CPU
		{A0257F14-4179-4B69-8C23-398CCCD38C3A}.Debug|Any CPU.ActiveCfg = Debug|Any CPU
		{A0257F14-4179-4B69-8C23-398CCCD38C3A}.Debug|Any CPU.Build.0 = Debug|Any CPU
		{A0257F14-4179-4B69-8C23-398CCCD38C3A}.Release|Any CPU.ActiveCfg = Release|Any CPU
		{A0257F14-4179-4B69-8C23-398CCCD38C3A}.Release|Any CPU.Build.0 = Release|Any CPU
	EndGlobalSection
EndGlobal
